
Microsoft Visual Studio Solution File, Format Version 12.00
# Visual Studio Version 16
VisualStudioVersion = 16.0.29926.136
MinimumVisualStudioVersion = 10.0.40219.1
Project("{9092AA53-FB77-4645-B42D-1CCCA6BD08BD}") = "hickman_264", "hickman_264\hickman_264.njsproj", "{E66AA30F-E393-4805-89C1-B20AA4949510}"
EndProject
Global
	GlobalSection(SolutionConfigurationPlatforms) = preSolution
		Debug|Any CPU = Debug|Any CPU
		Release|Any CPU = Release|Any CPU
	EndGlobalSection
	GlobalSection(ProjectConfigurationPlatforms) = postSolution
		{E66AA30F-E393-4805-89C1-B20AA4949510}.Debug|Any CPU.ActiveCfg = Debug|Any CPU
		{E66AA30F-E393-4805-89C1-B20AA4949510}.Debug|Any CPU.Build.0 = Debug|Any CPU
		{E66AA30F-E393-4805-89C1-B20AA4949510}.Release|Any CPU.ActiveCfg = Release|Any CPU
		{E66AA30F-E393-4805-89C1-B20AA4949510}.Release|Any CPU.Build.0 = Release|Any CPU
	EndGlobalSection
	GlobalSection(SolutionProperties) = preSolution
		HideSolutionNode = FALSE
	EndGlobalSection
	GlobalSection(ExtensibilityGlobals) = postSolution
		SolutionGuid = {DEF137B0-97D6-471E-A1D3-180DADC6A734}
	EndGlobalSection
EndGlobal
